
Microsoft Visual Studio Solution File, Format Version 12.00
Project("{FAE04EC0-301F-11D3-BF4B-00C04F79EFBC}") = "FactionUnlimiter", "FactionUnlimiter\FactionUnlimiter.csproj", "{E1A9EE2B-0325-4E82-9835-BCC83896FB32}"
EndProject
Global
	GlobalSection(SolutionConfigurationPlatforms) = preSolution
		Debug|Any CPU = Debug|Any CPU
		Release|Any CPU = Release|Any CPU
	EndGlobalSection
	GlobalSection(ProjectConfigurationPlatforms) = postSolution
		{E1A9EE2B-0325-4E82-9835-BCC83896FB32}.Debug|Any CPU.ActiveCfg = Debug|Any CPU
		{E1A9EE2B-0325-4E82-9835-BCC83896FB32}.Debug|Any CPU.Build.0 = Debug|Any CPU
		{E1A9EE2B-0325-4E82-9835-BCC83896FB32}.Release|Any CPU.ActiveCfg = Release|Any CPU
		{E1A9EE2B-0325-4E82-9835-BCC83896FB32}.Release|Any CPU.Build.0 = Release|Any CPU
	EndGlobalSection
EndGlobal
